
Microsoft Visual Studio Solution File, Format Version 12.00
# Visual Studio Version 17
VisualStudioVersion = 17.4.33103.184
MinimumVisualStudioVersion = 10.0.40219.1
Project("{FAE04EC0-301F-11D3-BF4B-00C04F79EFBC}") = "Diplomski", "Diplomski\Diplomski.csproj", "{09496425-A2BA-4FB9-B0F2-56E98662C1FA}"
EndProject
Global
	GlobalSection(SolutionConfigurationPlatforms) = preSolution
		Debug|Any CPU = Debug|Any CPU
		Release|Any CPU = Release|Any CPU
	EndGlobalSection
	GlobalSection(ProjectConfigurationPlatforms) = postSolution
		{09496425-A2BA-4FB9-B0F2-56E98662C1FA}.Debug|Any CPU.ActiveCfg = Debug|Any CPU
		{09496425-A2BA-4FB9-B0F2-56E98662C1FA}.Debug|Any CPU.Build.0 = Debug|Any CPU
		{09496425-A2BA-4FB9-B0F2-56E98662C1FA}.Release|Any CPU.ActiveCfg = Release|Any CPU
		{09496425-A2BA-4FB9-B0F2-56E98662C1FA}.Release|Any CPU.Build.0 = Release|Any CPU
	EndGlobalSection
	GlobalSection(SolutionProperties) = preSolution
		HideSolutionNode = FALSE
	EndGlobalSection
	GlobalSection(ExtensibilityGlobals) = postSolution
		SolutionGuid = {C2C801BC-1D2D-4C9D-AFC0-81FA12F330BA}
	EndGlobalSection
EndGlobal
